
Microsoft Visual Studio Solution File, Format Version 12.00
# Visual Studio Version 17
VisualStudioVersion = 17.5.2.0
MinimumVisualStudioVersion = 10.0.40219.1
Project("{2150E333-8FDC-42A3-9474-1A3956D46DE8}") = "src", "src", "{711ED165-5AA4-4359-9437-534D4CCDEB13}"
EndProject
Project("{9A19103F-16F7-4668-BE54-9A1E7A4F7556}") = "Orders.Api", "src\Orders.Api\Orders.Api.csproj", "{C5BC9B2E-4D01-4390-8DF9-CFD8F5A9D979}"
EndProject
Project("{FAE04EC0-301F-11D3-BF4B-00C04F79EFBC}") = "Orders.Consumer", "src\Orders.Consumer\Orders.Consumer.csproj", "{E66D311B-1852-4459-81C7-F158738E97BC}"
EndProject
Project("{FAE04EC0-301F-11D3-BF4B-00C04F79EFBC}") = "Shared.Correlation", "src\Shared.Correlation\Shared.Correlation.csproj", "{E605F79B-C15C-44B2-AA37-734E8CF99F0B}"
EndProject
Project("{FAE04EC0-301F-11D3-BF4B-00C04F79EFBC}") = "Shared.Correlation.OpenTelemetry", "src\Shared.Correlation.OpenTelemetry\Shared.Correlation.OpenTelemetry.csproj", "{84B1C333-69B1-419A-B1D6-92899282FAD6}"
EndProject
Global
	GlobalSection(SolutionConfigurationPlatforms) = preSolution
		Debug|Any CPU = Debug|Any CPU
		Debug|x64 = Debug|x64
		Debug|x86 = Debug|x86
		Release|Any CPU = Release|Any CPU
		Release|x64 = Release|x64
		Release|x86 = Release|x86
	EndGlobalSection
	GlobalSection(ProjectConfigurationPlatforms) = postSolution
		{C5BC9B2E-4D01-4390-8DF9-CFD8F5A9D979}.Debug|Any CPU.ActiveCfg = Debug|Any CPU
		{C5BC9B2E-4D01-4390-8DF9-CFD8F5A9D979}.Debug|Any CPU.Build.0 = Debug|Any CPU
		{C5BC9B2E-4D01-4390-8DF9-CFD8F5A9D979}.Debug|x64.ActiveCfg = Debug|Any CPU
		{C5BC9B2E-4D01-4390-8DF9-CFD8F5A9D979}.Debug|x64.Build.0 = Debug|Any CPU
		{C5BC9B2E-4D01-4390-8DF9-CFD8F5A9D979}.Debug|x86.ActiveCfg = Debug|Any CPU
		{C5BC9B2E-4D01-4390-8DF9-CFD8F5A9D979}.Debug|x86.Build.0 = Debug|Any CPU
		{C5BC9B2E-4D01-4390-8DF9-CFD8F5A9D979}.Release|Any CPU.ActiveCfg = Release|Any CPU
		{C5BC9B2E-4D01-4390-8DF9-CFD8F5A9D979}.Release|Any CPU.Build.0 = Release|Any CPU
		{C5BC9B2E-4D01-4390-8DF9-CFD8F5A9D979}.Release|x64.ActiveCfg = Release|Any CPU
		{C5BC9B2E-4D01-4390-8DF9-CFD8F5A9D979}.Release|x64.Build.0 = Release|Any CPU
		{C5BC9B2E-4D01-4390-8DF9-CFD8F5A9D979}.Release|x86.ActiveCfg = Release|Any CPU
		{C5BC9B2E-4D01-4390-8DF9-CFD8F5A9D979}.Release|x86.Build.0 = Release|Any CPU
		{E66D311B-1852-4459-81C7-F158738E97BC}.Debug|Any CPU.ActiveCfg = Debug|Any CPU
		{E66D311B-1852-4459-81C7-F158738E97BC}.Debug|Any CPU.Build.0 = Debug|Any CPU
		{E66D311B-1852-4459-81C7-F158738E97BC}.Debug|x64.ActiveCfg = Debug|Any CPU
		{E66D311B-1852-4459-81C7-F158738E97BC}.Debug|x64.Build.0 = Debug|Any CPU
		{E66D311B-1852-4459-81C7-F158738E97BC}.Debug|x86.ActiveCfg = Debug|Any CPU
		{E66D311B-1852-4459-81C7-F158738E97BC}.Debug|x86.Build.0 = Debug|Any CPU
		{E66D311B-1852-4459-81C7-F158738E97BC}.Release|Any CPU.ActiveCfg = Release|Any CPU
		{E66D311B-1852-4459-81C7-F158738E97BC}.Release|Any CPU.Build.0 = Release|Any CPU
		{E66D311B-1852-4459-81C7-F158738E97BC}.Release|x64.ActiveCfg = Release|Any CPU
		{E66D311B-1852-4459-81C7-F158738E97BC}.Release|x64.Build.0 = Release|Any CPU
		{E66D311B-1852-4459-81C7-F158738E97BC}.Release|x86.ActiveCfg = Release|Any CPU
		{E66D311B-1852-4459-81C7-F158738E97BC}.Release|x86.Build.0 = Release|Any CPU
		{E605F79B-C15C-44B2-AA37-734E8CF99F0B}.Debug|Any CPU.ActiveCfg = Debug|Any CPU
		{E605F79B-C15C-44B2-AA37-734E8CF99F0B}.Debug|Any CPU.Build.0 = Debug|Any CPU
		{E605F79B-C15C-44B2-AA37-734E8CF99F0B}.Debug|x64.ActiveCfg = Debug|Any CPU
		{E605F79B-C15C-44B2-AA37-734E8CF99F0B}.Debug|x64.Build.0 = Debug|Any CPU
		{E605F79B-C15C-44B2-AA37-734E8CF99F0B}.Debug|x86.ActiveCfg = Debug|Any CPU
		{E605F79B-C15C-44B2-AA37-734E8CF99F0B}.Debug|x86.Build.0 = Debug|Any CPU
		{E605F79B-C15C-44B2-AA37-734E8CF99F0B}.Release|Any CPU.ActiveCfg = Release|Any CPU
		{E605F79B-C15C-44B2-AA37-734E8CF99F0B}.Release|Any CPU.Build.0 = Release|Any CPU
		{E605F79B-C15C-44B2-AA37-734E8CF99F0B}.Release|x64.ActiveCfg = Release|Any CPU
		{E605F79B-C15C-44B2-AA37-734E8CF99F0B}.Release|x64.Build.0 = Release|Any CPU
		{E605F79B-C15C-44B2-AA37-734E8CF99F0B}.Release|x86.ActiveCfg = Release|Any CPU
		{E605F79B-C15C-44B2-AA37-734E8CF99F0B}.Release|x86.Build.0 = Release|Any CPU
		{84B1C333-69B1-419A-B1D6-92899282FAD6}.Debug|Any CPU.ActiveCfg = Debug|Any CPU
		{84B1C333-69B1-419A-B1D6-92899282FAD6}.Debug|Any CPU.Build.0 = Debug|Any CPU
		{84B1C333-69B1-419A-B1D6-92899282FAD6}.Debug|x64.ActiveCfg = Debug|Any CPU
		{84B1C333-69B1-419A-B1D6-92899282FAD6}.Debug|x64.Build.0 = Debug|Any CPU
		{84B1C333-69B1-419A-B1D6-92899282FAD6}.Debug|x86.ActiveCfg = Debug|Any CPU
		{84B1C333-69B1-419A-B1D6-92899282FAD6}.Debug|x86.Build.0 = Debug|Any CPU
		{84B1C333-69B1-419A-B1D6-92899282FAD6}.Release|Any CPU.ActiveCfg = Release|Any CPU
		{84B1C333-69B1-419A-B1D6-92899282FAD6}.Release|Any CPU.Build.0 = Release|Any CPU
		{84B1C333-69B1-419A-B1D6-92899282FAD6}.Release|x64.ActiveCfg = Release|Any CPU
		{84B1C333-69B1-419A-B1D6-92899282FAD6}.Release|x64.Build.0 = Release|Any CPU
		{84B1C333-69B1-419A-B1D6-92899282FAD6}.Release|x86.ActiveCfg = Release|Any CPU
		{84B1C333-69B1-419A-B1D6-92899282FAD6}.Release|x86.Build.0 = Release|Any CPU
	EndGlobalSection
	GlobalSection(SolutionProperties) = preSolution
		HideSolutionNode = FALSE
	EndGlobalSection
	GlobalSection(NestedProjects) = preSolution
		{C5BC9B2E-4D01-4390-8DF9-CFD8F5A9D979} = {711ED165-5AA4-4359-9437-534D4CCDEB13}
		{E66D311B-1852-4459-81C7-F158738E97BC} = {711ED165-5AA4-4359-9437-534D4CCDEB13}
		{E605F79B-C15C-44B2-AA37-734E8CF99F0B} = {711ED165-5AA4-4359-9437-534D4CCDEB13}
		{84B1C333-69B1-419A-B1D6-92899282FAD6} = {711ED165-5AA4-4359-9437-534D4CCDEB13}
	EndGlobalSection
	GlobalSection(ExtensibilityGlobals) = postSolution
		SolutionGuid = {E53F68C7-A096-4371-AD55-3CC3B93AB7AF}
	EndGlobalSection
EndGlobal
